PODS:
  - Alamofire (4.9.1)
  - AlamofireObjectMapper (5.2.1):
    - Alamofire (~> 4.7)
    - ObjectMapper (~> 3.4)
  - BMPlayer (1.2.1):
    - BMPlayer/Full (= 1.2.1)
  - BMPlayer/Core (1.2.1)
  - BMPlayer/Full (1.2.1):
    - BMPlayer/Core
    - NVActivityIndicatorView (~> 4.6.1)
    - SnapKit (~> 4.2.0)
  - DPLocalization (1.13)
  - DropDown (2.3.13)
  - FontAwesomeKit (2.2.1):
    - FontAwesomeKit/Core (= 2.2.1)
    - FontAwesomeKit/FontAwesome (= 2.2.1)
    - FontAwesomeKit/FoundationIcons (= 2.2.1)
    - FontAwesomeKit/IonIcons (= 2.2.1)
    - FontAwesomeKit/Material (= 2.2.1)
    - FontAwesomeKit/Octicons (= 2.2.1)
    - FontAwesomeKit/Zocial (= 2.2.1)
  - FontAwesomeKit/Core (2.2.1)
  - FontAwesomeKit/FontAwesome (2.2.1):
    - FontAwesomeKit/Core
  - FontAwesomeKit/FoundationIcons (2.2.1):
    - FontAwesomeKit/Core
  - FontAwesomeKit/IonIcons (2.2.1):
    - FontAwesomeKit/Core
  - FontAwesomeKit/Material (2.2.1):
    - FontAwesomeKit/Core
  - FontAwesomeKit/Octicons (2.2.1):
    - FontAwesomeKit/Core
  - FontAwesomeKit/Zocial (2.2.1):
    - FontAwesomeKit/Core
  - FSPagerView (0.8.3)
  - IQKeyboardManager (6.5.5)
  - JWTDecode (2.4.1)
  - KeychainAccess (4.2.0)
  - Kingfisher (4.10.1)
  - NVActivityIndicatorView (4.6.1):
    - NVActivityIndicatorView/Presenter (= 4.6.1)
  - NVActivityIndicatorView/Presenter (4.6.1)
  - ObjectMapper (3.5.1)
  - SnapKit (4.2.0)

DEPENDENCIES:
  - Alamofire
  - AlamofireObjectMapper
  - BMPlayer
  - DPLocalization
  - DropDown
  - FontAwesomeKit (~> 2.2)
  - FSPagerView
  - IQKeyboardManager
  - JWTDecode
  - KeychainAccess
  - Kingfisher
  - SnapKit

SPEC REPOS:
  trunk:
    - Alamofire
    - AlamofireObjectMapper
    - BMPlayer
    - DPLocalization
    - DropDown
    - FontAwesomeKit
    - FSPagerView
    - IQKeyboardManager
    - JWTDecode
    - KeychainAccess
    - Kingfisher
    - NVActivityIndicatorView
    - ObjectMapper
    - SnapKit

SPEC CHECKSUMS:
  Alamofire: 85e8a02c69d6020a0d734f6054870d7ecb75cf18
  AlamofireObjectMapper: 1989f690e982b71921b9253f53a4f33a9bc00d88
  BMPlayer: ea12f9d82e37f968dea2078b5e58e356ee4439d8
  DPLocalization: 00b71b9c4043f8eaeb41bedcf2c90d847adcd4d8
  DropDown: 8a2116376c1981888557f72ec2ffc9a5e0e456ec
  FontAwesomeKit: 3614979b3dbb0ec3f7fac1bd760b91f66c31db67
  FSPagerView: 670405b2f18e2a87fa37f20b00de783e562c25a8
  IQKeyboardManager: 3a8b9e603f8b0eeaf5f096a1f2b2cfcf121992ef
  JWTDecode: 4bd4da0cdf0f8154fd467fa48499f34ec057fb88
  KeychainAccess: 3f760109aa99b05d0f231e28b22642da7153e38a
  Kingfisher: c148cd7b47ebde9989f6bc7c27dcaa79d81279a0
  NVActivityIndicatorView: 4ca19fccc84595a78957336a086d00a49be6ce61
  ObjectMapper: 70187b8941977c62ccfb423caf6b50be405cabf0
  SnapKit: fe8a619752f3f27075cc9a90244d75c6c3f27e2a

PODFILE CHECKSUM: 11112b21e93fdcce3e5178f7784f8ac7e96a5852

COCOAPODS: 1.9.3
